
Microsoft Visual Studio Solution File, Format Version 12.00
# Visual Studio 2012
Project("{FAE04EC0-301F-11D3-BF4B-00C04F79EFBC}") = "DayzServerManager", "DayzServerManager\DayzServerManager.csproj", "{7A176822-6D45-41D6-89E2-4F689E0F671D}"
EndProject
Project("{FAE04EC0-301F-11D3-BF4B-00C04F79EFBC}") = "BattleNET", "BattleNET\BattleNET.csproj", "{4FBB3734-215B-45B1-BDBC-0EFA156A6900}"
EndProject
Global
	GlobalSection(SolutionConfigurationPlatforms) = preSolution
		Debug|Any CPU = Debug|Any CPU
		Release|Any CPU = Release|Any CPU
	EndGlobalSection
	GlobalSection(ProjectConfigurationPlatforms) = postSolution
		{7A176822-6D45-41D6-89E2-4F689E0F671D}.Debug|Any CPU.ActiveCfg = Debug|Any CPU
		{7A176822-6D45-41D6-89E2-4F689E0F671D}.Debug|Any CPU.Build.0 = Debug|Any CPU
		{7A176822-6D45-41D6-89E2-4F689E0F671D}.Release|Any CPU.ActiveCfg = Release|Any CPU
		{7A176822-6D45-41D6-89E2-4F689E0F671D}.Release|Any CPU.Build.0 = Release|Any CPU
		{4FBB3734-215B-45B1-BDBC-0EFA156A6900}.Debug|Any CPU.ActiveCfg = Debug|Any CPU
		{4FBB3734-215B-45B1-BDBC-0EFA156A6900}.Debug|Any CPU.Build.0 = Debug|Any CPU
		{4FBB3734-215B-45B1-BDBC-0EFA156A6900}.Release|Any CPU.ActiveCfg = Release|Any CPU
		{4FBB3734-215B-45B1-BDBC-0EFA156A6900}.Release|Any CPU.Build.0 = Release|Any CPU
	EndGlobalSection
	GlobalSection(SolutionProperties) = preSolution
		HideSolutionNode = FALSE
	EndGlobalSection
EndGlobal
